
Microsoft Visual Studio Solution File, Format Version 12.00
# Visual Studio Version 17
VisualStudioVersion = 17.11.35312.102
MinimumVisualStudioVersion = 10.0.40219.1
Project("{FAE04EC0-301F-11D3-BF4B-00C04F79EFBC}") = "screen-sound-2.0", "screen-sound-2.0\screen-sound-2.0.csproj", "{0FBA1FFB-8BD4-4848-89DC-93952F9C0C31}"
EndProject
Global
	GlobalSection(SolutionConfigurationPlatforms) = preSolution
		Debug|Any CPU = Debug|Any CPU
		Release|Any CPU = Release|Any CPU
	EndGlobalSection
	GlobalSection(ProjectConfigurationPlatforms) = postSolution
		{0FBA1FFB-8BD4-4848-89DC-93952F9C0C31}.Debug|Any CPU.ActiveCfg = Debug|Any CPU
		{0FBA1FFB-8BD4-4848-89DC-93952F9C0C31}.Debug|Any CPU.Build.0 = Debug|Any CPU
		{0FBA1FFB-8BD4-4848-89DC-93952F9C0C31}.Release|Any CPU.ActiveCfg = Release|Any CPU
		{0FBA1FFB-8BD4-4848-89DC-93952F9C0C31}.Release|Any CPU.Build.0 = Release|Any CPU
	EndGlobalSection
	GlobalSection(SolutionProperties) = preSolution
		HideSolutionNode = FALSE
	EndGlobalSection
	GlobalSection(ExtensibilityGlobals) = postSolution
		SolutionGuid = {C04E8B4B-6806-439B-A81A-D2138808CBC1}
	EndGlobalSection
EndGlobal
